PODS:
  - BlueSocket (1.0.52)
  - ReactiveSwift (6.2.1)

DEPENDENCIES:
  - BlueSocket (~> 1.0)
  - ReactiveSwift (~> 6.2)

SPEC REPOS:
  trunk:
    - BlueSocket
    - ReactiveSwift

SPEC CHECKSUMS:
  BlueSocket: 1acd943acb07b55905291d608649fcfbf8cbd57d
  ReactiveSwift: 07ddf579f4eb3ee3bd656214f0461aaf2c0fd639

PODFILE CHECKSUM: 322fc8a6de17612217872546a98243f54558d2e9

COCOAPODS: 1.11.3
